
Microsoft Visual Studio Solution File, Format Version 12.00
# Visual Studio Version 16
VisualStudioVersion = 16.0.34031.81
MinimumVisualStudioVersion = 10.0.40219.1
Project("{2150E333-8FDC-42A3-9474-1A3956D46DE8}") = "Task0", "Task0", "{249A03DE-9C53-4162-8480-164929B01B03}"
EndProject
Project("{2150E333-8FDC-42A3-9474-1A3956D46DE8}") = "Task1", "Task1", "{5E2EDD35-0493-4582-82EB-749793CA18A9}"
EndProject
Project("{2150E333-8FDC-42A3-9474-1A3956D46DE8}") = "Task2", "Task2", "{EA593A86-1CC9-464D-8345-37C1C3F7420E}"
EndProject
Project("{2150E333-8FDC-42A3-9474-1A3956D46DE8}") = "Task3", "Task3", "{3BF7B52A-44A2-42EE-9943-55565A1CCE91}"
EndProject
Project("{FAE04EC0-301F-11D3-BF4B-00C04F79EFBC}") = "Tyuiu.ShakirovRR.Sprint4.Task0.V22", "Tyuiu.ShakirovRR.Sprint4.Task0.V22\Tyuiu.ShakirovRR.Sprint4.Task0.V22.csproj", "{B101FEE9-2E5A-4896-8B0B-B6E15D7BF72B}"
EndProject
Project("{FAE04EC0-301F-11D3-BF4B-00C04F79EFBC}") = "Tyuiu.ShakirovRR.Sprint4.Task0.V22.Lib", "Tyuiu.ShakirovRR.Sprint4.Task0.V22.Lib\Tyuiu.ShakirovRR.Sprint4.Task0.V22.Lib.csproj", "{D6A4B70B-5A3D-4F47-B2E1-AFAF5A229539}"
EndProject
Project("{FAE04EC0-301F-11D3-BF4B-00C04F79EFBC}") = "Tyuiu.ShakirovRR.Sprint4.Task0.V22.Test", "Tyuiu.ShakirovRR.Sprint4.Task0.V22.Test\Tyuiu.ShakirovRR.Sprint4.Task0.V22.Test.csproj", "{C56CF85B-95BF-4000-B6F2-BB83F27634A3}"
EndProject
Project("{FAE04EC0-301F-11D3-BF4B-00C04F79EFBC}") = "Tyuiu.ShakirovRR.Sprint4.Task1.V24", "Tyuiu.ShakirovRR.Sprint4.Task1.V24\Tyuiu.ShakirovRR.Sprint4.Task1.V24.csproj", "{4B8AB58F-B780-4C69-970F-353C85521B34}"
EndProject
Project("{FAE04EC0-301F-11D3-BF4B-00C04F79EFBC}") = "Tyuiu.ShakirovRR.Sprint4.Task1.V24.Lib", "Tyuiu.ShakirovRR.Sprint4.Task1.V24.Lib\Tyuiu.ShakirovRR.Sprint4.Task1.V24.Lib.csproj", "{22558D9B-9942-4CFB-8411-725C6173368F}"
EndProject
Project("{FAE04EC0-301F-11D3-BF4B-00C04F79EFBC}") = "Tyuiu.ShakirovRR.Sprint4.Task1.V24.Test", "Tyuiu.ShakirovRR.Sprint4.Task1.V24.Test\Tyuiu.ShakirovRR.Sprint4.Task1.V24.Test.csproj", "{AE1C5FC7-BB96-4E10-B702-E405CF9A7ED0}"
EndProject
Project("{FAE04EC0-301F-11D3-BF4B-00C04F79EFBC}") = "Tyuiu.ShakirovRR.Sprint4.Task2.V8", "Tyuiu.ShakirovRR.Sprint4.Task2.V8\Tyuiu.ShakirovRR.Sprint4.Task2.V8.csproj", "{199E8E65-1124-414E-9766-A4B37D18A53D}"
EndProject
Project("{FAE04EC0-301F-11D3-BF4B-00C04F79EFBC}") = "Tyuiu.ShakirovRR.Sprint4.Task2.V8.Lib", "Tyuiu.ShakirovRR.Sprint4.Task2.V8.Lib\Tyuiu.ShakirovRR.Sprint4.Task2.V8.Lib.csproj", "{CFE170B3-3D55-48BB-9D56-7E7E608D4815}"
EndProject
Project("{FAE04EC0-301F-11D3-BF4B-00C04F79EFBC}") = "Tyuiu.ShakirovRR.Sprint4.Task2.V8.Test", "Tyuiu.ShakirovRR.Sprint4.Task2.V8.Test\Tyuiu.ShakirovRR.Sprint4.Task2.V8.Test.csproj", "{FDBF4647-831F-4452-B288-6EC6F7F877F2}"
EndProject
Project("{FAE04EC0-301F-11D3-BF4B-00C04F79EFBC}") = "Tyuiu.ShakirovRR.Sprint4.Task3.V10", "Tyuiu.ShakirovRR.Sprint4.Task3.V10\Tyuiu.ShakirovRR.Sprint4.Task3.V10.csproj", "{8BCE042F-76FF-4AD9-95AD-99C874A3C138}"
EndProject
Project("{FAE04EC0-301F-11D3-BF4B-00C04F79EFBC}") = "Tyuiu.ShakirovRR.Sprint4.Task3.V10.Lib", "Tyuiu.ShakirovRR.Sprint4.Task3.V10.Lib\Tyuiu.ShakirovRR.Sprint4.Task3.V10.Lib.csproj", "{BD616A4F-DB69-40CA-B93D-E2E31BD29926}"
EndProject
Project("{FAE04EC0-301F-11D3-BF4B-00C04F79EFBC}") = "Tyuiu.ShakirovRR.Sprint4.Task3.V10.Test", "Tyuiu.ShakirovRR.Sprint4.Task3.V10.Test\Tyuiu.ShakirovRR.Sprint4.Task3.V10.Test.csproj", "{8EDA3CE3-5F4A-4845-876C-B290A7B0FB98}"
EndProject
Global
	GlobalSection(SolutionConfigurationPlatforms) = preSolution
		Debug|Any CPU = Debug|Any CPU
		Release|Any CPU = Release|Any CPU
	EndGlobalSection
	GlobalSection(ProjectConfigurationPlatforms) = postSolution
		{B101FEE9-2E5A-4896-8B0B-B6E15D7BF72B}.Debug|Any CPU.ActiveCfg = Debug|Any CPU
		{B101FEE9-2E5A-4896-8B0B-B6E15D7BF72B}.Debug|Any CPU.Build.0 = Debug|Any CPU
		{B101FEE9-2E5A-4896-8B0B-B6E15D7BF72B}.Release|Any CPU.ActiveCfg = Release|Any CPU
		{B101FEE9-2E5A-4896-8B0B-B6E15D7BF72B}.Release|Any CPU.Build.0 = Release|Any CPU
		{D6A4B70B-5A3D-4F47-B2E1-AFAF5A229539}.Debug|Any CPU.ActiveCfg = Debug|Any CPU
		{D6A4B70B-5A3D-4F47-B2E1-AFAF5A229539}.Debug|Any CPU.Build.0 = Debug|Any CPU
		{D6A4B70B-5A3D-4F47-B2E1-AFAF5A229539}.Release|Any CPU.ActiveCfg = Release|Any CPU
		{D6A4B70B-5A3D-4F47-B2E1-AFAF5A229539}.Release|Any CPU.Build.0 = Release|Any CPU
		{C56CF85B-95BF-4000-B6F2-BB83F27634A3}.Debug|Any CPU.ActiveCfg = Debug|Any CPU
		{C56CF85B-95BF-4000-B6F2-BB83F27634A3}.Debug|Any CPU.Build.0 = Debug|Any CPU
		{C56CF85B-95BF-4000-B6F2-BB83F27634A3}.Release|Any CPU.ActiveCfg = Release|Any CPU
		{C56CF85B-95BF-4000-B6F2-BB83F27634A3}.Release|Any CPU.Build.0 = Release|Any CPU
		{4B8AB58F-B780-4C69-970F-353C85521B34}.Debug|Any CPU.ActiveCfg = Debug|Any CPU
		{4B8AB58F-B780-4C69-970F-353C85521B34}.Debug|Any CPU.Build.0 = Debug|Any CPU
		{4B8AB58F-B780-4C69-970F-353C85521B34}.Release|Any CPU.ActiveCfg = Release|Any CPU
		{4B8AB58F-B780-4C69-970F-353C85521B34}.Release|Any CPU.Build.0 = Release|Any CPU
		{22558D9B-9942-4CFB-8411-725C6173368F}.Debug|Any CPU.ActiveCfg = Debug|Any CPU
		{22558D9B-9942-4CFB-8411-725C6173368F}.Debug|Any CPU.Build.0 = Debug|Any CPU
		{22558D9B-9942-4CFB-8411-725C6173368F}.Release|Any CPU.ActiveCfg = Release|Any CPU
		{22558D9B-9942-4CFB-8411-725C6173368F}.Release|Any CPU.Build.0 = Release|Any CPU
		{AE1C5FC7-BB96-4E10-B702-E405CF9A7ED0}.Debug|Any CPU.ActiveCfg = Debug|Any CPU
		{AE1C5FC7-BB96-4E10-B702-E405CF9A7ED0}.Debug|Any CPU.Build.0 = Debug|Any CPU
		{AE1C5FC7-BB96-4E10-B702-E405CF9A7ED0}.Release|Any CPU.ActiveCfg = Release|Any CPU
		{AE1C5FC7-BB96-4E10-B702-E405CF9A7ED0}.Release|Any CPU.Build.0 = Release|Any CPU
		{199E8E65-1124-414E-9766-A4B37D18A53D}.Debug|Any CPU.ActiveCfg = Debug|Any CPU
		{199E8E65-1124-414E-9766-A4B37D18A53D}.Debug|Any CPU.Build.0 = Debug|Any CPU
		{199E8E65-1124-414E-9766-A4B37D18A53D}.Release|Any CPU.ActiveCfg = Release|Any CPU
		{199E8E65-1124-414E-9766-A4B37D18A53D}.Release|Any CPU.Build.0 = Release|Any CPU
		{CFE170B3-3D55-48BB-9D56-7E7E608D4815}.Debug|Any CPU.ActiveCfg = Debug|Any CPU
		{CFE170B3-3D55-48BB-9D56-7E7E608D4815}.Debug|Any CPU.Build.0 = Debug|Any CPU
		{CFE170B3-3D55-48BB-9D56-7E7E608D4815}.Release|Any CPU.ActiveCfg = Release|Any CPU
		{CFE170B3-3D55-48BB-9D56-7E7E608D4815}.Release|Any CPU.Build.0 = Release|Any CPU
		{FDBF4647-831F-4452-B288-6EC6F7F877F2}.Debug|Any CPU.ActiveCfg = Debug|Any CPU
		{FDBF4647-831F-4452-B288-6EC6F7F877F2}.Debug|Any CPU.Build.0 = Debug|Any CPU
		{FDBF4647-831F-4452-B288-6EC6F7F877F2}.Release|Any CPU.ActiveCfg = Release|Any CPU
		{FDBF4647-831F-4452-B288-6EC6F7F877F2}.Release|Any CPU.Build.0 = Release|Any CPU
		{8BCE042F-76FF-4AD9-95AD-99C874A3C138}.Debug|Any CPU.ActiveCfg = Debug|Any CPU
		{8BCE042F-76FF-4AD9-95AD-99C874A3C138}.Debug|Any CPU.Build.0 = Debug|Any CPU
		{8BCE042F-76FF-4AD9-95AD-99C874A3C138}.Release|Any CPU.ActiveCfg = Release|Any CPU
		{8BCE042F-76FF-4AD9-95AD-99C874A3C138}.Release|Any CPU.Build.0 = Release|Any CPU
		{BD616A4F-DB69-40CA-B93D-E2E31BD29926}.Debug|Any CPU.ActiveCfg = Debug|Any CPU
		{BD616A4F-DB69-40CA-B93D-E2E31BD29926}.Debug|Any CPU.Build.0 = Debug|Any CPU
		{BD616A4F-DB69-40CA-B93D-E2E31BD29926}.Release|Any CPU.ActiveCfg = Release|Any CPU
		{BD616A4F-DB69-40CA-B93D-E2E31BD29926}.Release|Any CPU.Build.0 = Release|Any CPU
		{8EDA3CE3-5F4A-4845-876C-B290A7B0FB98}.Debug|Any CPU.ActiveCfg = Debug|Any CPU
		{8EDA3CE3-5F4A-4845-876C-B290A7B0FB98}.Debug|Any CPU.Build.0 = Debug|Any CPU
		{8EDA3CE3-5F4A-4845-876C-B290A7B0FB98}.Release|Any CPU.ActiveCfg = Release|Any CPU
		{8EDA3CE3-5F4A-4845-876C-B290A7B0FB98}.Release|Any CPU.Build.0 = Release|Any CPU
	EndGlobalSection
	GlobalSection(SolutionProperties) = preSolution
		HideSolutionNode = FALSE
	EndGlobalSection
	GlobalSection(NestedProjects) = preSolution
		{B101FEE9-2E5A-4896-8B0B-B6E15D7BF72B} = {249A03DE-9C53-4162-8480-164929B01B03}
		{D6A4B70B-5A3D-4F47-B2E1-AFAF5A229539} = {249A03DE-9C53-4162-8480-164929B01B03}
		{C56CF85B-95BF-4000-B6F2-BB83F27634A3} = {249A03DE-9C53-4162-8480-164929B01B03}
		{4B8AB58F-B780-4C69-970F-353C85521B34} = {5E2EDD35-0493-4582-82EB-749793CA18A9}
		{22558D9B-9942-4CFB-8411-725C6173368F} = {5E2EDD35-0493-4582-82EB-749793CA18A9}
		{AE1C5FC7-BB96-4E10-B702-E405CF9A7ED0} = {5E2EDD35-0493-4582-82EB-749793CA18A9}
		{199E8E65-1124-414E-9766-A4B37D18A53D} = {EA593A86-1CC9-464D-8345-37C1C3F7420E}
		{CFE170B3-3D55-48BB-9D56-7E7E608D4815} = {EA593A86-1CC9-464D-8345-37C1C3F7420E}
		{FDBF4647-831F-4452-B288-6EC6F7F877F2} = {EA593A86-1CC9-464D-8345-37C1C3F7420E}
		{8BCE042F-76FF-4AD9-95AD-99C874A3C138} = {3BF7B52A-44A2-42EE-9943-55565A1CCE91}
		{BD616A4F-DB69-40CA-B93D-E2E31BD29926} = {3BF7B52A-44A2-42EE-9943-55565A1CCE91}
		{8EDA3CE3-5F4A-4845-876C-B290A7B0FB98} = {3BF7B52A-44A2-42EE-9943-55565A1CCE91}
	EndGlobalSection
	GlobalSection(ExtensibilityGlobals) = postSolution
		SolutionGuid = {CAD2568A-34FF-45E9-A6AE-BC17BA9CE1D5}
	EndGlobalSection
EndGlobal
